
Microsoft Visual Studio Solution File, Format Version 12.00
# Visual Studio 2013
VisualStudioVersion = 12.0.21005.1
MinimumVisualStudioVersion = 10.0.40219.1
Project("{FAE04EC0-301F-11D3-BF4B-00C04F79EFBC}") = "ww.nasc.ui.custom", "ww.nasc.ui.custom.csproj", "{F0EDB015-829F-4517-9D97-B5F56D45F84F}"
EndProject
Project("{FAE04EC0-301F-11D3-BF4B-00C04F79EFBC}") = "Testing", "..\Testing\Testing.csproj", "{7A8192E1-7508-4404-A7C9-ECA7489A271A}"
EndProject
Project("{FAE04EC0-301F-11D3-BF4B-00C04F79EFBC}") = "TestingSplitVC", "..\TestingSplitVC\TestingSplitVC.csproj", "{F57F32C4-403C-4344-AEAB-E80165E604BD}"
EndProject
Global
	GlobalSection(SolutionConfigurationPlatforms) = preSolution
		Debug|Any CPU = Debug|Any CPU
		Debug|Mixed Platforms = Debug|Mixed Platforms
		Debug|x86 = Debug|x86
		Release|Any CPU = Release|Any CPU
		Release|Mixed Platforms = Release|Mixed Platforms
		Release|x86 = Release|x86
	EndGlobalSection
	GlobalSection(ProjectConfigurationPlatforms) = postSolution
		{F0EDB015-829F-4517-9D97-B5F56D45F84F}.Debug|Any CPU.ActiveCfg = Debug|Any CPU
		{F0EDB015-829F-4517-9D97-B5F56D45F84F}.Debug|Any CPU.Build.0 = Debug|Any CPU
		{F0EDB015-829F-4517-9D97-B5F56D45F84F}.Debug|Mixed Platforms.ActiveCfg = Debug|Any CPU
		{F0EDB015-829F-4517-9D97-B5F56D45F84F}.Debug|Mixed Platforms.Build.0 = Debug|Any CPU
		{F0EDB015-829F-4517-9D97-B5F56D45F84F}.Debug|x86.ActiveCfg = Debug|Any CPU
		{F0EDB015-829F-4517-9D97-B5F56D45F84F}.Release|Any CPU.ActiveCfg = Release|Any CPU
		{F0EDB015-829F-4517-9D97-B5F56D45F84F}.Release|Any CPU.Build.0 = Release|Any CPU
		{F0EDB015-829F-4517-9D97-B5F56D45F84F}.Release|Mixed Platforms.ActiveCfg = Release|Any CPU
		{F0EDB015-829F-4517-9D97-B5F56D45F84F}.Release|Mixed Platforms.Build.0 = Release|Any CPU
		{F0EDB015-829F-4517-9D97-B5F56D45F84F}.Release|x86.ActiveCfg = Release|Any CPU
		{7A8192E1-7508-4404-A7C9-ECA7489A271A}.Debug|Any CPU.ActiveCfg = Debug|x86
		{7A8192E1-7508-4404-A7C9-ECA7489A271A}.Debug|Mixed Platforms.ActiveCfg = Debug|x86
		{7A8192E1-7508-4404-A7C9-ECA7489A271A}.Debug|x86.ActiveCfg = Debug|x86
		{7A8192E1-7508-4404-A7C9-ECA7489A271A}.Debug|x86.Build.0 = Debug|x86
		{7A8192E1-7508-4404-A7C9-ECA7489A271A}.Release|Any CPU.ActiveCfg = Release|x86
		{7A8192E1-7508-4404-A7C9-ECA7489A271A}.Release|Mixed Platforms.ActiveCfg = Release|x86
		{7A8192E1-7508-4404-A7C9-ECA7489A271A}.Release|x86.ActiveCfg = Release|x86
		{7A8192E1-7508-4404-A7C9-ECA7489A271A}.Release|x86.Build.0 = Release|x86
		{F57F32C4-403C-4344-AEAB-E80165E604BD}.Debug|Any CPU.ActiveCfg = Debug|Any CPU
		{F57F32C4-403C-4344-AEAB-E80165E604BD}.Debug|Any CPU.Build.0 = Debug|Any CPU
		{F57F32C4-403C-4344-AEAB-E80165E604BD}.Debug|Mixed Platforms.ActiveCfg = Debug|Any CPU
		{F57F32C4-403C-4344-AEAB-E80165E604BD}.Debug|Mixed Platforms.Build.0 = Debug|Any CPU
		{F57F32C4-403C-4344-AEAB-E80165E604BD}.Debug|x86.ActiveCfg = Debug|Any CPU
		{F57F32C4-403C-4344-AEAB-E80165E604BD}.Release|Any CPU.ActiveCfg = Release|Any CPU
		{F57F32C4-403C-4344-AEAB-E80165E604BD}.Release|Any CPU.Build.0 = Release|Any CPU
		{F57F32C4-403C-4344-AEAB-E80165E604BD}.Release|Mixed Platforms.ActiveCfg = Release|Any CPU
		{F57F32C4-403C-4344-AEAB-E80165E604BD}.Release|Mixed Platforms.Build.0 = Release|Any CPU
		{F57F32C4-403C-4344-AEAB-E80165E604BD}.Release|x86.ActiveCfg = Release|Any CPU
	EndGlobalSection
	GlobalSection(SolutionProperties) = preSolution
		HideSolutionNode = FALSE
	EndGlobalSection
EndGlobal
